{
  "originHash" : "54bd59fc006e912c069aa4ca1ae19e870c5641a93be5503834d16f27dd37f2b5",
  "pins" : [
    {
      "identity" : "inject",
      "kind" : "remoteSourceControl",
      "location" : "https://github.com/krzysztofzablocki/Inject.git",
      "state" : {
        "revision" : "67e3ee9a2b7e40d6af72d07cf1b0d5c04399e809"
      }
    }
  ],
  "version" : 3
}
